
Microsoft Visual Studio Solution File, Format Version 12.00
# Visual Studio Version 16
VisualStudioVersion = 16.0.30907.101
MinimumVisualStudioVersion = 10.0.40219.1
Project("{FAE04EC0-301F-11D3-BF4B-00C04F79EFBC}") = "puchkov rgr zadanie 1", "puchkov rgr zadanie 1\puchkov rgr zadanie 1.csproj", "{D1848B05-EB4E-43A1-8C5B-09D1AAEB8DDE}"
EndProject
Global
	GlobalSection(SolutionConfigurationPlatforms) = preSolution
		Debug|Any CPU = Debug|Any CPU
		Release|Any CPU = Release|Any CPU
	EndGlobalSection
	GlobalSection(ProjectConfigurationPlatforms) = postSolution
		{D1848B05-EB4E-43A1-8C5B-09D1AAEB8DDE}.Debug|Any CPU.ActiveCfg = Debug|Any CPU
		{D1848B05-EB4E-43A1-8C5B-09D1AAEB8DDE}.Debug|Any CPU.Build.0 = Debug|Any CPU
		{D1848B05-EB4E-43A1-8C5B-09D1AAEB8DDE}.Release|Any CPU.ActiveCfg = Release|Any CPU
		{D1848B05-EB4E-43A1-8C5B-09D1AAEB8DDE}.Release|Any CPU.Build.0 = Release|Any CPU
	EndGlobalSection
	GlobalSection(SolutionProperties) = preSolution
		HideSolutionNode = FALSE
	EndGlobalSection
	GlobalSection(ExtensibilityGlobals) = postSolution
		SolutionGuid = {2E4AF4D8-3C80-4ED2-8E17-B117EC5E9358}
	EndGlobalSection
EndGlobal
